
Microsoft Visual Studio Solution File, Format Version 12.00
# Visual Studio Version 17
VisualStudioVersion = 17.0.31919.166
MinimumVisualStudioVersion = 10.0.40219.1
Project("{FAE04EC0-301F-11D3-BF4B-00C04F79EFBC}") = "IsBookingOpenedAPI", "IsBookingOpenedAPI.csproj", "{632EF9C3-A31F-4FFC-86CB-97C36399165C}"
EndProject
Global
	GlobalSection(SolutionConfigurationPlatforms) = preSolution
		Debug|Any CPU = Debug|Any CPU
		Release|Any CPU = Release|Any CPU
	EndGlobalSection
	GlobalSection(ProjectConfigurationPlatforms) = postSolution
		{632EF9C3-A31F-4FFC-86CB-97C36399165C}.Debug|Any CPU.ActiveCfg = Debug|Any CPU
		{632EF9C3-A31F-4FFC-86CB-97C36399165C}.Debug|Any CPU.Build.0 = Debug|Any CPU
		{632EF9C3-A31F-4FFC-86CB-97C36399165C}.Release|Any CPU.ActiveCfg = Release|Any CPU
		{632EF9C3-A31F-4FFC-86CB-97C36399165C}.Release|Any CPU.Build.0 = Release|Any CPU
	EndGlobalSection
	GlobalSection(SolutionProperties) = preSolution
		HideSolutionNode = FALSE
	EndGlobalSection
	GlobalSection(ExtensibilityGlobals) = postSolution
		SolutionGuid = {8C50D8C8-57FE-4FFF-BC25-B82E6CA4C704}
	EndGlobalSection
EndGlobal
